
Microsoft Visual Studio Solution File, Format Version 12.00
# Visual Studio Version 17
VisualStudioVersion = 17.8.34330.188
MinimumVisualStudioVersion = 10.0.40219.1
Project("{FAE04EC0-301F-11D3-BF4B-00C04F79EFBC}") = "CLIENT_PHOTO", "CLIENT_PHOTO\CLIENT_PHOTO.csproj", "{1DDC164E-E952-4A4E-914F-E276C04FB5C3}"
EndProject
Global
	GlobalSection(SolutionConfigurationPlatforms) = preSolution
		Debug|Any CPU = Debug|Any CPU
		Release|Any CPU = Release|Any CPU
	EndGlobalSection
	GlobalSection(ProjectConfigurationPlatforms) = postSolution
		{1DDC164E-E952-4A4E-914F-E276C04FB5C3}.Debug|Any CPU.ActiveCfg = Debug|Any CPU
		{1DDC164E-E952-4A4E-914F-E276C04FB5C3}.Debug|Any CPU.Build.0 = Debug|Any CPU
		{1DDC164E-E952-4A4E-914F-E276C04FB5C3}.Release|Any CPU.ActiveCfg = Release|Any CPU
		{1DDC164E-E952-4A4E-914F-E276C04FB5C3}.Release|Any CPU.Build.0 = Release|Any CPU
	EndGlobalSection
	GlobalSection(SolutionProperties) = preSolution
		HideSolutionNode = FALSE
	EndGlobalSection
	GlobalSection(ExtensibilityGlobals) = postSolution
		SolutionGuid = {4A358F91-0D04-4242-90EA-1F563CD4F096}
	EndGlobalSection
EndGlobal
